#MicroXplorer Configuration settings - do not modify
CAD.formats=
CAD.pinconfig=
CAD.provider=
CAN1.BS1=CAN_BS1_3TQ
CAN1.BS2=CAN_BS2_5TQ
CAN1.CalculateBaudRate=1000000
CAN1.CalculateTimeBit=1000
CAN1.CalculateTimeQuantum=111.11111111111111
CAN1.IPParameters=CalculateTimeQuantum,CalculateTimeBit,CalculateBaudRate,Prescaler,BS1,BS2
CAN1.Prescaler=5
CAN2.BS1=CAN_BS1_3TQ
CAN2.BS2=CAN_BS2_5TQ
CAN2.CalculateBaudRate=1000000
CAN2.CalculateTimeBit=1000
CAN2.CalculateTimeQuantum=111.11111111111111
CAN2.IPParameters=CalculateTimeQuantum,CalculateTimeBit,CalculateBaudRate,BS1,BS2,Prescaler,SJW
CAN2.Prescaler=5
CAN2.SJW=CAN_SJW_4TQ
Dma.Request0=USART1_RX
Dma.Request1=USART2_RX
Dma.Request2=USART2_TX
Dma.Request3=USART1_TX
Dma.Request4=USART3_RX
Dma.Request5=USART3_TX
Dma.Request6=USART6_RX
Dma.Request7=USART6_TX
Dma.RequestsNb=8
Dma.USART1_RX.0.Direction=DMA_PERIPH_TO_MEMORY
Dma.USART1_RX.0.FIFOMode=DMA_FIFOMODE_DISABLE
Dma.USART1_RX.0.Instance=DMA2_Stream2
Dma.USART1_RX.0.MemDataAlignment=DMA_MDATAALIGN_BYTE
Dma.USART1_RX.0.MemInc=DMA_MINC_ENABLE
Dma.USART1_RX.0.Mode=DMA_NORMAL
Dma.USART1_RX.0.PeriphDataAlignment=DMA_PDATAALIGN_BYTE
Dma.USART1_RX.0.PeriphInc=DMA_PINC_DISABLE
Dma.USART1_RX.0.Priority=DMA_PRIORITY_LOW
Dma.USART1_RX.0.RequestParameters=Instance,Direction,PeriphInc,MemInc,PeriphDataAlignment,MemDataAlignment,Mode,Priority,FIFOMode
Dma.USART1_TX.3.Direction=DMA_MEMORY_TO_PERIPH
Dma.USART1_TX.3.FIFOMode=DMA_FIFOMODE_DISABLE
Dma.USART1_TX.3.Instance=DMA2_Stream7
Dma.USART1_TX.3.MemDataAlignment=DMA_MDATAALIGN_BYTE
Dma.USART1_TX.3.MemInc=DMA_MINC_ENABLE
Dma.USART1_TX.3.Mode=DMA_NORMAL
Dma.USART1_TX.3.PeriphDataAlignment=DMA_PDATAALIGN_BYTE
Dma.USART1_TX.3.PeriphInc=DMA_PINC_DISABLE
Dma.USART1_TX.3.Priority=DMA_PRIORITY_LOW
Dma.USART1_TX.3.RequestParameters=Instance,Direction,PeriphInc,MemInc,PeriphDataAlignment,MemDataAlignment,Mode,Priority,FIFOMode
Dma.USART2_RX.1.Direction=DMA_PERIPH_TO_MEMORY
Dma.USART2_RX.1.FIFOMode=DMA_FIFOMODE_DISABLE
Dma.USART2_RX.1.Instance=DMA1_Stream5
Dma.USART2_RX.1.MemDataAlignment=DMA_MDATAALIGN_BYTE
Dma.USART2_RX.1.MemInc=DMA_MINC_ENABLE
Dma.USART2_RX.1.Mode=DMA_NORMAL
Dma.USART2_RX.1.PeriphDataAlignment=DMA_PDATAALIGN_BYTE
Dma.USART2_RX.1.PeriphInc=DMA_PINC_DISABLE
Dma.USART2_RX.1.Priority=DMA_PRIORITY_LOW
Dma.USART2_RX.1.RequestParameters=Instance,Direction,PeriphInc,MemInc,PeriphDataAlignment,MemDataAlignment,Mode,Priority,FIFOMode
Dma.USART2_TX.2.Direction=DMA_MEMORY_TO_PERIPH
Dma.USART2_TX.2.FIFOMode=DMA_FIFOMODE_DISABLE
Dma.USART2_TX.2.Instance=DMA1_Stream6
Dma.USART2_TX.2.MemDataAlignment=DMA_MDATAALIGN_BYTE
Dma.USART2_TX.2.MemInc=DMA_MINC_ENABLE
Dma.USART2_TX.2.Mode=DMA_NORMAL
Dma.USART2_TX.2.PeriphDataAlignment=DMA_PDATAALIGN_BYTE
Dma.USART2_TX.2.PeriphInc=DMA_PINC_DISABLE
Dma.USART2_TX.2.Priority=DMA_PRIORITY_LOW
Dma.USART2_TX.2.RequestParameters=Instance,Direction,PeriphInc,MemInc,PeriphDataAlignment,MemDataAlignment,Mode,Priority,FIFOMode
Dma.USART3_RX.4.Direction=DMA_PERIPH_TO_MEMORY
Dma.USART3_RX.4.FIFOMode=DMA_FIFOMODE_DISABLE
Dma.USART3_RX.4.Instance=DMA1_Stream1
Dma.USART3_RX.4.MemDataAlignment=DMA_MDATAALIGN_BYTE
Dma.USART3_RX.4.MemInc=DMA_MINC_ENABLE
Dma.USART3_RX.4.Mode=DMA_NORMAL
Dma.USART3_RX.4.PeriphDataAlignment=DMA_PDATAALIGN_BYTE
Dma.USART3_RX.4.PeriphInc=DMA_PINC_DISABLE
Dma.USART3_RX.4.Priority=DMA_PRIORITY_LOW
Dma.USART3_RX.4.RequestParameters=Instance,Direction,PeriphInc,MemInc,PeriphDataAlignment,MemDataAlignment,Mode,Priority,FIFOMode
Dma.USART3_TX.5.Direction=DMA_MEMORY_TO_PERIPH
Dma.USART3_TX.5.FIFOMode=DMA_FIFOMODE_DISABLE
Dma.USART3_TX.5.Instance=DMA1_Stream3
Dma.USART3_TX.5.MemDataAlignment=DMA_MDATAALIGN_BYTE
Dma.USART3_TX.5.MemInc=DMA_MINC_ENABLE
Dma.USART3_TX.5.Mode=DMA_NORMAL
Dma.USART3_TX.5.PeriphDataAlignment=DMA_PDATAALIGN_BYTE
Dma.USART3_TX.5.PeriphInc=DMA_PINC_DISABLE
Dma.USART3_TX.5.Priority=DMA_PRIORITY_LOW
Dma.USART3_TX.5.RequestParameters=Instance,Direction,PeriphInc,MemInc,PeriphDataAlignment,MemDataAlignment,Mode,Priority,FIFOMode
Dma.USART6_RX.6.Direction=DMA_PERIPH_TO_MEMORY
Dma.USART6_RX.6.FIFOMode=DMA_FIFOMODE_DISABLE
Dma.USART6_RX.6.Instance=DMA2_Stream1
Dma.USART6_RX.6.MemDataAlignment=DMA_MDATAALIGN_BYTE
Dma.USART6_RX.6.MemInc=DMA_MINC_ENABLE
Dma.USART6_RX.6.Mode=DMA_NORMAL
Dma.USART6_RX.6.PeriphDataAlignment=DMA_PDATAALIGN_BYTE
Dma.USART6_RX.6.PeriphInc=DMA_PINC_DISABLE
Dma.USART6_RX.6.Priority=DMA_PRIORITY_LOW
Dma.USART6_RX.6.RequestParameters=Instance,Direction,PeriphInc,MemInc,PeriphDataAlignment,MemDataAlignment,Mode,Priority,FIFOMode
Dma.USART6_TX.7.Direction=DMA_MEMORY_TO_PERIPH
Dma.USART6_TX.7.FIFOMode=DMA_FIFOMODE_DISABLE
Dma.USART6_TX.7.Instance=DMA2_Stream6
Dma.USART6_TX.7.MemDataAlignment=DMA_MDATAALIGN_BYTE
Dma.USART6_TX.7.MemInc=DMA_MINC_ENABLE
Dma.USART6_TX.7.Mode=DMA_NORMAL
Dma.USART6_TX.7.PeriphDataAlignment=DMA_PDATAALIGN_BYTE
Dma.USART6_TX.7.PeriphInc=DMA_PINC_DISABLE
Dma.USART6_TX.7.Priority=DMA_PRIORITY_LOW
Dma.USART6_TX.7.RequestParameters=Instance,Direction,PeriphInc,MemInc,PeriphDataAlignment,MemDataAlignment,Mode,Priority,FIFOMode
File.Version=6
GPIO.groupedBy=Group By Peripherals
KeepUserPlacement=false
Mcu.CPN=STM32F427IIH6
Mcu.Family=STM32F4
Mcu.IP0=CAN1
Mcu.IP1=CAN2
Mcu.IP10=UART7
Mcu.IP11=UART8
Mcu.IP12=USART1
Mcu.IP13=USART2
Mcu.IP14=USART3
Mcu.IP15=USART6
Mcu.IP2=DMA
Mcu.IP3=NVIC
Mcu.IP4=RCC
Mcu.IP5=SYS
Mcu.IP6=TIM2
Mcu.IP7=TIM3
Mcu.IP8=TIM5
Mcu.IP9=TIM12
Mcu.IPNb=16
Mcu.Name=STM32F427I(G-I)Hx
Mcu.Package=UFBGA176
Mcu.Pin0=PE1
Mcu.Pin1=PE0
Mcu.Pin10=PD5
Mcu.Pin11=PD1
Mcu.Pin12=PI9
Mcu.Pin13=PI0
Mcu.Pin14=PH2
Mcu.Pin15=PH0/OSC_IN
Mcu.Pin16=PH3
Mcu.Pin17=PH1/OSC_OUT
Mcu.Pin18=PH4
Mcu.Pin19=PG8
Mcu.Pin2=PG14
Mcu.Pin20=PH5
Mcu.Pin21=PG7
Mcu.Pin22=PG6
Mcu.Pin23=PF5
Mcu.Pin24=PH12
Mcu.Pin25=PG5
Mcu.Pin26=PG4
Mcu.Pin27=PG3
Mcu.Pin28=PF10
Mcu.Pin29=PH11
Mcu.Pin3=PA14
Mcu.Pin30=PH10
Mcu.Pin31=PD15
Mcu.Pin32=PG2
Mcu.Pin33=PB2/BOOT1
Mcu.Pin34=PG1
Mcu.Pin35=PH6
Mcu.Pin36=PD14
Mcu.Pin37=PD13
Mcu.Pin38=PA1
Mcu.Pin39=PA0/WKUP
Mcu.Pin4=PA13
Mcu.Pin40=PA4
Mcu.Pin41=PD12
Mcu.Pin42=PA2
Mcu.Pin43=PA5
Mcu.Pin44=PE8
Mcu.Pin45=PE11
Mcu.Pin46=PB12
Mcu.Pin47=PB13
Mcu.Pin48=PD9
Mcu.Pin49=PD8
Mcu.Pin5=PB7
Mcu.Pin50=PA3
Mcu.Pin51=PF14
Mcu.Pin52=PE7
Mcu.Pin53=VP_SYS_VS_tim6
Mcu.Pin54=VP_TIM2_VS_ClockSourceINT
Mcu.Pin55=VP_TIM3_VS_ClockSourceINT
Mcu.Pin56=VP_TIM5_VS_ClockSourceINT
Mcu.Pin6=PB6
Mcu.Pin7=PD6
Mcu.Pin8=PD0
Mcu.Pin9=PG9
Mcu.PinsNb=57
Mcu.ThirdPartyNb=0
Mcu.UserConstants=
Mcu.UserName=STM32F427IIHx
MxCube.Version=6.16.0
MxDb.Version=DB.6.0.160
NVIC.BusFault_IRQn=true\:0\:0\:false\:false\:true\:false\:false\:false
NVIC.CAN1_RX0_IRQn=true\:1\:0\:true\:false\:true\:true\:true\:true
NVIC.CAN1_TX_IRQn=true\:1\:0\:true\:false\:true\:true\:true\:true
NVIC.CAN2_RX0_IRQn=true\:1\:0\:true\:false\:true\:true\:true\:true
NVIC.CAN2_TX_IRQn=true\:1\:0\:true\:false\:true\:true\:true\:true
NVIC.DMA1_Stream1_IRQn=true\:4\:0\:true\:false\:true\:false\:true\:true
NVIC.DMA1_Stream3_IRQn=true\:4\:0\:true\:false\:true\:false\:true\:true
NVIC.DMA1_Stream5_IRQn=true\:4\:0\:true\:false\:true\:false\:true\:true
NVIC.DMA1_Stream6_IRQn=true\:4\:0\:true\:false\:true\:false\:true\:true
NVIC.DMA2_Stream1_IRQn=true\:0\:0\:false\:false\:true\:false\:true\:true
NVIC.DMA2_Stream2_IRQn=true\:0\:0\:false\:false\:true\:false\:true\:true
NVIC.DMA2_Stream6_IRQn=true\:0\:0\:false\:false\:true\:false\:true\:true
NVIC.DMA2_Stream7_IRQn=true\:4\:0\:true\:false\:true\:false\:true\:true
NVIC.DebugMonitor_IRQn=true\:0\:0\:false\:false\:true\:false\:false\:false
NVIC.EXTI2_IRQn=true\:0\:0\:true\:false\:true\:true\:true\:true
NVIC.ForceEnableDMAVector=true
NVIC.HardFault_IRQn=true\:0\:0\:false\:false\:true\:false\:false\:false
NVIC.MemoryManagement_IRQn=true\:0\:0\:false\:false\:true\:false\:false\:false
NVIC.NonMaskableInt_IRQn=true\:0\:0\:false\:false\:true\:false\:false\:false
NVIC.PendSV_IRQn=true\:0\:0\:false\:false\:true\:false\:false\:false
NVIC.PriorityGroup=NVIC_PRIORITYGROUP_4
NVIC.SVCall_IRQn=true\:0\:0\:false\:false\:true\:false\:false\:false
NVIC.SysTick_IRQn=true\:15\:0\:false\:false\:true\:false\:true\:false
NVIC.TIM2_IRQn=true\:0\:0\:true\:false\:true\:true\:true\:true
NVIC.TIM3_IRQn=true\:0\:0\:false\:false\:true\:true\:true\:true
NVIC.TIM5_IRQn=true\:0\:0\:false\:false\:true\:true\:true\:true
NVIC.TIM6_DAC_IRQn=true\:15\:0\:false\:false\:true\:false\:true\:true
NVIC.TimeBase=TIM6_DAC_IRQn
NVIC.TimeBaseIP=TIM6
NVIC.USART1_IRQn=true\:3\:0\:true\:false\:true\:true\:true\:true
NVIC.USART2_IRQn=true\:3\:0\:true\:false\:true\:true\:true\:true
NVIC.USART3_IRQn=true\:3\:0\:true\:false\:true\:false\:true\:true
NVIC.USART6_IRQn=true\:0\:0\:false\:false\:true\:true\:true\:true
NVIC.UsageFault_IRQn=true\:0\:0\:false\:false\:true\:false\:false\:false
PA0/WKUP.Locked=true
PA0/WKUP.Signal=S_TIM2_CH1_ETR
PA1.Locked=true
PA1.Signal=S_TIM2_CH2
PA13.Mode=Serial_Wire
PA13.Signal=SYS_JTMS-SWDIO
PA14.Mode=Serial_Wire
PA14.Signal=SYS_JTCK-SWCLK
PA2.Locked=true
PA2.Signal=S_TIM2_CH3
PA3.Signal=S_TIM2_CH4
PA4.GPIOParameters=GPIO_Speed,PinState,GPIO_Label
PA4.GPIO_Label=PS2_CLK
PA4.GPIO_Speed=GPIO_SPEED_FREQ_HIGH
PA4.Locked=true
PA4.PinState=GPIO_PIN_SET
PA4.Signal=GPIO_Output
PA5.GPIOParameters=GPIO_Speed,PinState,GPIO_Label
PA5.GPIO_Label=PS2_CS
PA5.GPIO_Speed=GPIO_SPEED_FREQ_HIGH
PA5.Locked=true
PA5.PinState=GPIO_PIN_SET
PA5.Signal=GPIO_Output
PB12.Locked=true
PB12.Mode=CAN_Activate
PB12.Signal=CAN2_RX
PB13.Mode=CAN_Activate
PB13.Signal=CAN2_TX
PB2/BOOT1.GPIOParameters=GPIO_PuPd,GPIO_Label
PB2/BOOT1.GPIO_Label=KEY
PB2/BOOT1.GPIO_PuPd=GPIO_PULLDOWN
PB2/BOOT1.Locked=true
PB2/BOOT1.Signal=GPXTI2
PB6.GPIOParameters=GPIO_Label
PB6.GPIO_Label=DBUS
PB6.Mode=Asynchronous
PB6.Signal=USART1_TX
PB7.Mode=Asynchronous
PB7.Signal=USART1_RX
PCC.Checker=false
PCC.Line=STM32F427/437
PCC.MCU=STM32F427I(G-I)Hx
PCC.PartNumber=STM32F427IIHx
PCC.Series=STM32F4
PCC.Temperature=25
PCC.Vdd=3.3
PD0.Locked=true
PD0.Mode=CAN_Activate
PD0.Signal=CAN1_RX
PD1.Locked=true
PD1.Mode=CAN_Activate
PD1.Signal=CAN1_TX
PD12.GPIOParameters=PinState,GPIO_Label
PD12.GPIO_Label=A_Brake
PD12.Locked=true
PD12.PinState=GPIO_PIN_RESET
PD12.Signal=GPIO_Output
PD13.GPIOParameters=PinState,GPIO_Label
PD13.GPIO_Label=B_Brake
PD13.Locked=true
PD13.PinState=GPIO_PIN_RESET
PD13.Signal=GPIO_Output
PD14.GPIOParameters=PinState,GPIO_Label
PD14.GPIO_Label=C_Brake
PD14.Locked=true
PD14.PinState=GPIO_PIN_RESET
PD14.Signal=GPIO_Output
PD15.GPIOParameters=PinState,GPIO_Label
PD15.GPIO_Label=D_Brake
PD15.Locked=true
PD15.PinState=GPIO_PIN_RESET
PD15.Signal=GPIO_Output
PD5.GPIOParameters=GPIO_Label
PD5.GPIO_Label=Bluetooth
PD5.Mode=Asynchronous
PD5.Signal=USART2_TX
PD6.Mode=Asynchronous
PD6.Signal=USART2_RX
PD8.Locked=true
PD8.Mode=Asynchronous
PD8.Signal=USART3_TX
PD9.Locked=true
PD9.Mode=Asynchronous
PD9.Signal=USART3_RX
PE0.Mode=Asynchronous
PE0.Signal=UART8_RX
PE1.Mode=Asynchronous
PE1.Signal=UART8_TX
PE11.GPIOParameters=PinState,GPIO_Label
PE11.GPIO_Label=LED_Red
PE11.Locked=true
PE11.PinState=GPIO_PIN_SET
PE11.Signal=GPIO_Output
PE7.Mode=Asynchronous
PE7.Signal=UART7_RX
PE8.Mode=Asynchronous
PE8.Signal=UART7_TX
PF10.GPIOParameters=GPIO_PuPd,GPIO_Label
PF10.GPIO_Label=PS2_DAT
PF10.GPIO_PuPd=GPIO_PULLUP
PF10.Locked=true
PF10.Signal=GPIO_Input
PF14.GPIOParameters=GPIO_Label
PF14.GPIO_Label=LED_Green
PF14.Locked=true
PF14.Signal=GPIO_Output
PF5.GPIOParameters=PinState,GPIO_Label
PF5.GPIO_Label=IMU_CS
PF5.Locked=true
PF5.PinState=GPIO_PIN_RESET
PF5.Signal=GPIO_Output
PG1.GPIOParameters=PinState,GPIO_Label
PG1.GPIO_Label=LED1
PG1.Locked=true
PG1.PinState=GPIO_PIN_SET
PG1.Signal=GPIO_Output
PG14.Mode=Asynchronous
PG14.Signal=USART6_TX
PG2.GPIOParameters=PinState,GPIO_Label
PG2.GPIO_Label=LED2
PG2.Locked=true
PG2.PinState=GPIO_PIN_SET
PG2.Signal=GPIO_Output
PG3.GPIOParameters=PinState,GPIO_Label
PG3.GPIO_Label=LED3
PG3.Locked=true
PG3.PinState=GPIO_PIN_SET
PG3.Signal=GPIO_Output
PG4.GPIOParameters=PinState,GPIO_Label
PG4.GPIO_Label=LED4
PG4.Locked=true
PG4.PinState=GPIO_PIN_SET
PG4.Signal=GPIO_Output
PG5.GPIOParameters=PinState,GPIO_Label
PG5.GPIO_Label=LED5
PG5.Locked=true
PG5.PinState=GPIO_PIN_SET
PG5.Signal=GPIO_Output
PG6.GPIOParameters=PinState,GPIO_Label
PG6.GPIO_Label=LED6
PG6.Locked=true
PG6.PinState=GPIO_PIN_SET
PG6.Signal=GPIO_Output
PG7.GPIOParameters=PinState,GPIO_Label
PG7.GPIO_Label=LED7
PG7.Locked=true
PG7.PinState=GPIO_PIN_SET
PG7.Signal=GPIO_Output
PG8.GPIOParameters=PinState,GPIO_Label
PG8.GPIO_Label=LED8
PG8.Locked=true
PG8.PinState=GPIO_PIN_SET
PG8.Signal=GPIO_Output
PG9.Mode=Asynchronous
PG9.Signal=USART6_RX
PH0/OSC_IN.Mode=HSE-External-Oscillator
PH0/OSC_IN.Signal=RCC_OSC_IN
PH1/OSC_OUT.Mode=HSE-External-Oscillator
PH1/OSC_OUT.Signal=RCC_OSC_OUT
PH10.GPIOParameters=GPIO_Label
PH10.GPIO_Label=A_Reverse
PH10.Locked=true
PH10.Signal=GPIO_Output
PH11.GPIOParameters=GPIO_Label
PH11.GPIO_Label=B_Reverse
PH11.Locked=true
PH11.Signal=GPIO_Output
PH12.GPIOParameters=GPIO_Label
PH12.GPIO_Label=C_Reverse
PH12.Locked=true
PH12.Signal=GPIO_Output
PH2.GPIOParameters=PinState,GPIO_Label
PH2.GPIO_Label=POWER1
PH2.Locked=true
PH2.PinState=GPIO_PIN_SET
PH2.Signal=GPIO_Output
PH3.GPIOParameters=PinState,GPIO_Label
PH3.GPIO_Label=POWER2
PH3.Locked=true
PH3.PinState=GPIO_PIN_SET
PH3.Signal=GPIO_Output
PH4.GPIOParameters=PinState,GPIO_Label
PH4.GPIO_Label=POWER3
PH4.Locked=true
PH4.PinState=GPIO_PIN_SET
PH4.Signal=GPIO_Output
PH5.GPIOParameters=GPIO_Speed,PinState,GPIO_Label
PH5.GPIO_Label=POWER4
PH5.GPIO_Speed=GPIO_SPEED_FREQ_LOW
PH5.Locked=true
PH5.PinState=GPIO_PIN_SET
PH5.Signal=GPIO_Output
PH6.Signal=S_TIM12_CH1
PI0.GPIOParameters=GPIO_Label
PI0.GPIO_Label=D_Reverse
PI0.Locked=true
PI0.Signal=GPIO_Output
PI9.GPIOParameters=GPIO_Speed,PinState,GPIO_Label
PI9.GPIO_Label=PS2_CMD
PI9.GPIO_Speed=GPIO_SPEED_FREQ_HIGH
PI9.Locked=true
PI9.PinState=GPIO_PIN_SET
PI9.Signal=GPIO_Output
PinOutPanel.CurrentBGAView=Top
PinOutPanel.RotationAngle=0
ProjectManager.AskForMigrate=true
ProjectManager.BackupPrevious=false
ProjectManager.CompilerLinker=GCC
ProjectManager.CompilerOptimize=6
ProjectManager.ComputerToolchain=false
ProjectManager.CoupleFile=true
ProjectManager.CustomerFirmwarePackage=
ProjectManager.DefaultFWLocation=true
ProjectManager.DeletePrevious=true
ProjectManager.DeviceId=STM32F427IIHx
ProjectManager.FirmwarePackage=STM32Cube FW_F4 V1.28.3
ProjectManager.FreePins=false
ProjectManager.FreePinsContext=
ProjectManager.HalAssertFull=false
ProjectManager.HeapSize=0x200
ProjectManager.KeepUserCode=true
ProjectManager.LastFirmware=true
ProjectManager.LibraryCopy=0
ProjectManager.MainLocation=Core/Src
ProjectManager.NoMain=false
ProjectManager.PreviousToolchain=
ProjectManager.ProjectBuild=false
ProjectManager.ProjectFileName=main.ioc
ProjectManager.ProjectName=main
ProjectManager.ProjectStructure=
ProjectManager.RegisterCallBack=
ProjectManager.StackSize=0x400
ProjectManager.TargetToolchain=MDK-ARM V5
ProjectManager.ToolChainLocation=
ProjectManager.UAScriptAfterPath=
ProjectManager.UAScriptBeforePath=
ProjectManager.UnderRoot=false
ProjectManager.functionlistsort=1-SystemClock_Config-RCC-false-HAL-false,2-MX_GPIO_Init-GPIO-false-HAL-true,3-MX_DMA_Init-DMA-false-HAL-true,4-MX_TIM2_Init-TIM2-false-HAL-true,5-MX_USART1_UART_Init-USART1-false-HAL-true,6-MX_CAN1_Init-CAN1-false-HAL-true,7-MX_CAN2_Init-CAN2-false-HAL-true,8-MX_USART2_UART_Init-USART2-false-HAL-true,9-MX_TIM3_Init-TIM3-false-HAL-true,10-MX_UART7_Init-UART7-false-HAL-true,11-MX_USART3_UART_Init-USART3-false-HAL-true,12-MX_USART6_UART_Init-USART6-false-HAL-true,13-MX_UART8_Init-UART8-false-HAL-true,14-MX_TIM5_Init-TIM5-false-HAL-true,15-MX_TIM12_Init-TIM12-false-HAL-true
RCC.48MHZClocksFreq_Value=90000000
RCC.AHBFreq_Value=180000000
RCC.APB1CLKDivider=RCC_HCLK_DIV4
RCC.APB1Freq_Value=45000000
RCC.APB1TimFreq_Value=90000000
RCC.APB2CLKDivider=RCC_HCLK_DIV2
RCC.APB2Freq_Value=90000000
RCC.APB2TimFreq_Value=180000000
RCC.CortexFreq_Value=180000000
RCC.EthernetFreq_Value=180000000
RCC.FCLKCortexFreq_Value=180000000
RCC.FamilyName=M
RCC.HCLKFreq_Value=180000000
RCC.HSE_VALUE=12000000
RCC.HSI_VALUE=16000000
RCC.I2SClocksFreq_Value=192000000
RCC.IPParameters=48MHZClocksFreq_Value,AHBFreq_Value,APB1CLKDivider,APB1Freq_Value,APB1TimFreq_Value,APB2CLKDivider,APB2Freq_Value,APB2TimFreq_Value,CortexFreq_Value,EthernetFreq_Value,FCLKCortexFreq_Value,FamilyName,HCLKFreq_Value,HSE_VALUE,HSI_VALUE,I2SClocksFreq_Value,LSE_VALUE,LSI_VALUE,MCO2PinFreq_Value,PLLCLKFreq_Value,PLLM,PLLN,PLLQCLKFreq_Value,PLLSourceVirtual,RTCFreq_Value,RTCHSEDivFreq_Value,SAI_AClocksFreq_Value,SAI_BClocksFreq_Value,SYSCLKFreq_VALUE,SYSCLKSource,VCOI2SOutputFreq_Value,VCOInputFreq_Value,VCOOutputFreq_Value,VCOSAIOutputFreq_Value,VCOSAIOutputFreq_ValueQ,VcooutputI2S,VcooutputI2SQ
RCC.LSE_VALUE=32768
RCC.LSI_VALUE=32000
RCC.MCO2PinFreq_Value=180000000
RCC.PLLCLKFreq_Value=180000000
RCC.PLLM=6
RCC.PLLN=180
RCC.PLLQCLKFreq_Value=90000000
RCC.PLLSourceVirtual=RCC_PLLSOURCE_HSE
RCC.RTCFreq_Value=32000
RCC.RTCHSEDivFreq_Value=6000000
RCC.SAI_AClocksFreq_Value=24500000
RCC.SAI_BClocksFreq_Value=24500000
RCC.SYSCLKFreq_VALUE=180000000
RCC.SYSCLKSource=RCC_SYSCLKSOURCE_PLLCLK
RCC.VCOI2SOutputFreq_Value=384000000
RCC.VCOInputFreq_Value=2000000
RCC.VCOOutputFreq_Value=360000000
RCC.VCOSAIOutputFreq_Value=98000000
RCC.VCOSAIOutputFreq_ValueQ=24500000
RCC.VcooutputI2S=192000000
RCC.VcooutputI2SQ=192000000
SH.GPXTI2.0=GPIO_EXTI2
SH.GPXTI2.ConfNb=1
SH.S_TIM12_CH1.0=TIM12_CH1,PWM Generation1 CH1
SH.S_TIM12_CH1.ConfNb=1
SH.S_TIM2_CH1_ETR.0=TIM2_CH1,PWM Generation1 CH1
SH.S_TIM2_CH1_ETR.ConfNb=1
SH.S_TIM2_CH2.0=TIM2_CH2,PWM Generation2 CH2
SH.S_TIM2_CH2.ConfNb=1
SH.S_TIM2_CH3.0=TIM2_CH3,PWM Generation3 CH3
SH.S_TIM2_CH3.ConfNb=1
SH.S_TIM2_CH4.0=TIM2_CH4,PWM Generation4 CH4
SH.S_TIM2_CH4.ConfNb=1
TIM12.Channel-PWM\ Generation1\ CH1=TIM_CHANNEL_1
TIM12.IPParameters=Channel-PWM Generation1 CH1,Period
TIM12.Period=33332
TIM2.AutoReloadPreload=TIM_AUTORELOAD_PRELOAD_ENABLE
TIM2.Channel-PWM\ Generation1\ CH1=TIM_CHANNEL_1
TIM2.Channel-PWM\ Generation2\ CH2=TIM_CHANNEL_2
TIM2.Channel-PWM\ Generation3\ CH3=TIM_CHANNEL_3
TIM2.Channel-PWM\ Generation4\ CH4=TIM_CHANNEL_4
TIM2.IPParameters=Channel-PWM Generation1 CH1,Channel-PWM Generation2 CH2,Channel-PWM Generation4 CH4,Prescaler,Period,AutoReloadPreload,Channel-PWM Generation3 CH3
TIM2.Period=49
TIM2.Prescaler=89
TIM3.AutoReloadPreload=TIM_AUTORELOAD_PRELOAD_ENABLE
TIM3.IPParameters=Prescaler,Period,AutoReloadPreload
TIM3.Period=9
TIM3.Prescaler=44999
TIM5.IPParameters=Prescaler,Period
TIM5.Period=999
TIM5.Prescaler=89
UART7.IPParameters=VirtualMode
UART7.VirtualMode=Asynchronous
UART8.IPParameters=VirtualMode
UART8.VirtualMode=Asynchronous
USART1.BaudRate=100000
USART1.IPParameters=VirtualMode,BaudRate
USART1.VirtualMode=VM_ASYNC
USART2.IPParameters=VirtualMode
USART2.VirtualMode=VM_ASYNC
USART3.IPParameters=VirtualMode
USART3.VirtualMode=VM_ASYNC
USART6.BaudRate=460800
USART6.IPParameters=VirtualMode,BaudRate
USART6.VirtualMode=VM_ASYNC
VP_SYS_VS_tim6.Mode=TIM6
VP_SYS_VS_tim6.Signal=SYS_VS_tim6
VP_TIM2_VS_ClockSourceINT.Mode=Internal
VP_TIM2_VS_ClockSourceINT.Signal=TIM2_VS_ClockSourceINT
VP_TIM3_VS_ClockSourceINT.Mode=Internal
VP_TIM3_VS_ClockSourceINT.Signal=TIM3_VS_ClockSourceINT
VP_TIM5_VS_ClockSourceINT.Mode=Internal
VP_TIM5_VS_ClockSourceINT.Signal=TIM5_VS_ClockSourceINT
board=custom
